
Microsoft Visual Studio Solution File, Format Version 12.00
# Visual Studio 15
VisualStudioVersion = 15.0.27130.2027
MinimumVisualStudioVersion = 10.0.40219.1
Project("{FAE04EC0-301F-11D3-BF4B-00C04F79EFBC}") = "ExchangeRate", "ExchangeRate\ExchangeRate.csproj", "{449406D2-11B3-4500-B17E-DBA1A9A664D1}"
EndProject
Global
	GlobalSection(SolutionConfigurationPlatforms) = preSolution
		Debug|Any CPU = Debug|Any CPU
		Release|Any CPU = Release|Any CPU
	EndGlobalSection
	GlobalSection(ProjectConfigurationPlatforms) = postSolution
		{449406D2-11B3-4500-B17E-DBA1A9A664D1}.Debug|Any CPU.ActiveCfg = Debug|Any CPU
		{449406D2-11B3-4500-B17E-DBA1A9A664D1}.Debug|Any CPU.Build.0 = Debug|Any CPU
		{449406D2-11B3-4500-B17E-DBA1A9A664D1}.Release|Any CPU.ActiveCfg = Release|Any CPU
		{449406D2-11B3-4500-B17E-DBA1A9A664D1}.Release|Any CPU.Build.0 = Release|Any CPU
	EndGlobalSection
	GlobalSection(SolutionProperties) = preSolution
		HideSolutionNode = FALSE
	EndGlobalSection
	GlobalSection(ExtensibilityGlobals) = postSolution
		SolutionGuid = {4C47900A-B410-4E77-90C5-D1B0118D4918}
	EndGlobalSection
EndGlobal
